
Microsoft Visual Studio Solution File, Format Version 12.00
# Visual Studio Version 17
VisualStudioVersion = 17.8.34309.116
MinimumVisualStudioVersion = 10.0.40219.1
Project("{FAE04EC0-301F-11D3-BF4B-00C04F79EFBC}") = "Zoo_Administration", "Zoo_Administration\Zoo_Administration.csproj", "{C38334A8-0FB9-4E94-A0E5-E86ED0039C1C}"
EndProject
Global
	GlobalSection(SolutionConfigurationPlatforms) = preSolution
		Debug|Any CPU = Debug|Any CPU
		Release|Any CPU = Release|Any CPU
	EndGlobalSection
	GlobalSection(ProjectConfigurationPlatforms) = postSolution
		{C38334A8-0FB9-4E94-A0E5-E86ED0039C1C}.Debug|Any CPU.ActiveCfg = Debug|Any CPU
		{C38334A8-0FB9-4E94-A0E5-E86ED0039C1C}.Debug|Any CPU.Build.0 = Debug|Any CPU
		{C38334A8-0FB9-4E94-A0E5-E86ED0039C1C}.Release|Any CPU.ActiveCfg = Release|Any CPU
		{C38334A8-0FB9-4E94-A0E5-E86ED0039C1C}.Release|Any CPU.Build.0 = Release|Any CPU
	EndGlobalSection
	GlobalSection(SolutionProperties) = preSolution
		HideSolutionNode = FALSE
	EndGlobalSection
	GlobalSection(ExtensibilityGlobals) = postSolution
		SolutionGuid = {D39955B8-A589-4DEF-8D76-4CE05CBAB2B6}
	EndGlobalSection
EndGlobal
